
Microsoft Visual Studio Solution File, Format Version 12.00
# Visual Studio Version 17
VisualStudioVersion = 17.5.33530.505
MinimumVisualStudioVersion = 10.0.40219.1
Project("{9A19103F-16F7-4668-BE54-9A1E7A4F7556}") = "8-1", "7-1\8-1.csproj", "{13411CA7-230A-44F2-BE18-58B69351527A}"
EndProject
Project("{9A19103F-16F7-4668-BE54-9A1E7A4F7556}") = "8-2", "7-2\8-2.csproj", "{534A3E4A-EC29-46B8-8E07-1176471CF845}"
EndProject
Project("{9A19103F-16F7-4668-BE54-9A1E7A4F7556}") = "8-3", "7-3\8-3.csproj", "{13FECB69-C44C-4C95-92F8-2FB26D7CD545}"
EndProject
Global
	GlobalSection(SolutionConfigurationPlatforms) = preSolution
		Debug|Any CPU = Debug|Any CPU
		Release|Any CPU = Release|Any CPU
	EndGlobalSection
	GlobalSection(ProjectConfigurationPlatforms) = postSolution
		{13411CA7-230A-44F2-BE18-58B69351527A}.Debug|Any CPU.ActiveCfg = Debug|Any CPU
		{13411CA7-230A-44F2-BE18-58B69351527A}.Debug|Any CPU.Build.0 = Debug|Any CPU
		{13411CA7-230A-44F2-BE18-58B69351527A}.Release|Any CPU.ActiveCfg = Release|Any CPU
		{13411CA7-230A-44F2-BE18-58B69351527A}.Release|Any CPU.Build.0 = Release|Any CPU
		{534A3E4A-EC29-46B8-8E07-1176471CF845}.Debug|Any CPU.ActiveCfg = Debug|Any CPU
		{534A3E4A-EC29-46B8-8E07-1176471CF845}.Debug|Any CPU.Build.0 = Debug|Any CPU
		{534A3E4A-EC29-46B8-8E07-1176471CF845}.Release|Any CPU.ActiveCfg = Release|Any CPU
		{534A3E4A-EC29-46B8-8E07-1176471CF845}.Release|Any CPU.Build.0 = Release|Any CPU
		{13FECB69-C44C-4C95-92F8-2FB26D7CD545}.Debug|Any CPU.ActiveCfg = Debug|Any CPU
		{13FECB69-C44C-4C95-92F8-2FB26D7CD545}.Debug|Any CPU.Build.0 = Debug|Any CPU
		{13FECB69-C44C-4C95-92F8-2FB26D7CD545}.Release|Any CPU.ActiveCfg = Release|Any CPU
		{13FECB69-C44C-4C95-92F8-2FB26D7CD545}.Release|Any CPU.Build.0 = Release|Any CPU
	EndGlobalSection
	GlobalSection(SolutionProperties) = preSolution
		HideSolutionNode = FALSE
	EndGlobalSection
	GlobalSection(ExtensibilityGlobals) = postSolution
		SolutionGuid = {09A0FEBD-E613-4F15-91EA-CB9451F1F4C3}
	EndGlobalSection
EndGlobal
